
Microsoft Visual Studio Solution File, Format Version 10.00
# Visual Studio 2008
Project("{FAE04EC0-301F-11D3-BF4B-00C04F79EFBC}") = "LocalizationAlgorithmsRunner", "LocalizationAlgorithmsRunner\LocalizationAlgorithmsRunner.csproj", "{3190C01C-9A5B-403E-BD94-E98A752E4C2A}"
EndProject
Global
	GlobalSection(SolutionConfigurationPlatforms) = preSolution
		Debug|Any CPU = Debug|Any CPU
		Release|Any CPU = Release|Any CPU
	EndGlobalSection
	GlobalSection(ProjectConfigurationPlatforms) = postSolution
		{3190C01C-9A5B-403E-BD94-E98A752E4C2A}.Debug|Any CPU.ActiveCfg = Debug|Any CPU
		{3190C01C-9A5B-403E-BD94-E98A752E4C2A}.Debug|Any CPU.Build.0 = Debug|Any CPU
		{3190C01C-9A5B-403E-BD94-E98A752E4C2A}.Release|Any CPU.ActiveCfg = Release|Any CPU
		{3190C01C-9A5B-403E-BD94-E98A752E4C2A}.Release|Any CPU.Build.0 = Release|Any CPU
	EndGlobalSection
	GlobalSection(SolutionProperties) = preSolution
		HideSolutionNode = FALSE
	EndGlobalSection
EndGlobal
